
Microsoft Visual Studio Solution File, Format Version 12.00
# Visual Studio Version 16
VisualStudioVersion = 16.0.31613.86
MinimumVisualStudioVersion = 10.0.40219.1
Project("{FAE04EC0-301F-11D3-BF4B-00C04F79EFBC}") = "SampleFadeInOutImage", "SampleFadeInOutImage\SampleFadeInOutImage.csproj", "{4D8BF3A0-C495-47F5-8CCB-3B225A5127D1}"
EndProject
Global
	GlobalSection(SolutionConfigurationPlatforms) = preSolution
		Debug|Any CPU = Debug|Any CPU
		Release|Any CPU = Release|Any CPU
	EndGlobalSection
	GlobalSection(ProjectConfigurationPlatforms) = postSolution
		{4D8BF3A0-C495-47F5-8CCB-3B225A5127D1}.Debug|Any CPU.ActiveCfg = Debug|Any CPU
		{4D8BF3A0-C495-47F5-8CCB-3B225A5127D1}.Debug|Any CPU.Build.0 = Debug|Any CPU
		{4D8BF3A0-C495-47F5-8CCB-3B225A5127D1}.Release|Any CPU.ActiveCfg = Release|Any CPU
		{4D8BF3A0-C495-47F5-8CCB-3B225A5127D1}.Release|Any CPU.Build.0 = Release|Any CPU
	EndGlobalSection
	GlobalSection(SolutionProperties) = preSolution
		HideSolutionNode = FALSE
	EndGlobalSection
	GlobalSection(ExtensibilityGlobals) = postSolution
		SolutionGuid = {791554DC-68F6-467B-8DF4-0F3B614E800C}
	EndGlobalSection
EndGlobal
